lockfileVersion: '9.0'

settings:
  autoInstallPeers: true
  excludeLinksFromLockfile: false

importers:

  .:
    dependencies:
      '@effect/platform':
        specifier: ^0.52.2
        version: 0.52.2(@effect/schema@0.66.14(effect@3.1.2)(fast-check@3.18.0))(effect@3.1.2)(ws@8.17.0)
      '@effect/platform-bun':
        specifier: ^0.34.3
        version: 0.34.3(@effect/platform@0.52.2(@effect/schema@0.66.14(effect@3.1.2)(fast-check@3.18.0))(effect@3.1.2)(ws@8.17.0))(effect@3.1.2)
      '@spotify/web-api-ts-sdk':
        specifier: ^1.2.0
        version: 1.2.0
      '@twurple/api':
        specifier: ^7.1.0
        version: 7.1.0(@twurple/auth@7.1.0)
      '@twurple/auth':
        specifier: ^7.1.0
        version: 7.1.0
      '@twurple/chat':
        specifier: ^7.1.0
        version: 7.1.0(@twurple/auth@7.1.0)
      '@twurple/eventsub-ws':
        specifier: ^7.1.0
        version: 7.1.0(@twurple/api@7.1.0(@twurple/auth@7.1.0))
      '@twurple/pubsub':
        specifier: ^7.1.0
        version: 7.1.0(@twurple/auth@7.1.0)
      '@types/jsonwebtoken':
        specifier: ^9.0.6
        version: 9.0.6
      effect:
        specifier: ^3.0.3
        version: 3.1.2
      jsonwebtoken:
        specifier: ^9.0.2
        version: 9.0.2
    devDependencies:
      bun-types:
        specifier: ^1.1.6
        version: 1.1.6

packages:

  '@d-fischer/cache-decorators@4.0.1':
    resolution: {integrity: sha512-HNYLBLWs/t28GFZZeqdIBqq8f37mqDIFO6xNPof94VjpKvuP6ROqCZGafx88dk5zZUlBfViV9jD8iNNlXfc4CA==}

  '@d-fischer/connection@9.0.0':
    resolution: {integrity: sha512-Mljp/EbaE+eYWfsFXUOk+RfpbHgrWGL/60JkAvjYixw6KREfi5r17XdUiXe54ByAQox6jwgdN2vebdmW1BT+nQ==}

  '@d-fischer/cross-fetch@5.0.5':
    resolution: {integrity: sha512-symjDUPInTrkfIsZc2n2mo9hiAJLcTJsZkNICjZajEWnWpJ3s3zn50/FY8xpNUAf5w3eFuQii2wxztTGpvG1Xg==}

  '@d-fischer/deprecate@2.0.2':
    resolution: {integrity: sha512-wlw3HwEanJFJKctwLzhfOM6LKwR70FPfGZGoKOhWBKyOPXk+3a9Cc6S9zhm6tka7xKtpmfxVIReGUwPnMbIaZg==}

  '@d-fischer/detect-node@3.0.1':
    resolution: {integrity: sha512-0Rf3XwTzuTh8+oPZW9SfxTIiL+26RRJ0BRPwj5oVjZFyFKmsj9RGfN2zuTRjOuA3FCK/jYm06HOhwNK+8Pfv8w==}

  '@d-fischer/escape-string-regexp@5.0.0':
    resolution: {integrity: sha512-7eoxnxcto5eVPW5h1T+ePnVFukmI9f/ZR9nlBLh1t3kyzJDUNor2C+YW9H/Terw3YnbZSDgDYrpCJCHtOtAQHw==}
    engines: {node: '>=10'}

  '@d-fischer/isomorphic-ws@7.0.2':
    resolution: {integrity: sha512-xK+qIJUF0ne3dsjq5Y3BviQ4M+gx9dzkN+dPP7abBMje4YRfow+X9jBgeEoTe5e+Q6+8hI9R0b37Okkk8Vf0hQ==}
    peerDependencies:
      ws: ^8.2.0

  '@d-fischer/logger@4.2.3':
    resolution: {integrity: sha512-mJUx9OgjrNVLQa4od/+bqnmD164VTCKnK5B4WOW8TX5y/3w2i58p+PMRE45gUuFjk2BVtOZUg55JQM3d619fdw==}

  '@d-fischer/qs@7.0.2':
    resolution: {integrity: sha512-yAu3xDooiL+ef84Jo8nLjDjWBRk7RXk163Y6aTvRB7FauYd3spQD/dWvgT7R4CrN54Juhrrc3dMY7mc+jZGurQ==}
    engines: {node: '>=0.6'}

  '@d-fischer/rate-limiter@1.0.1':
    resolution: {integrity: sha512-Mq+0pAJsx92hP83cjmsrXQZVQJ+/+u1JFT6fjH8pj3yfUrbT3eDBsA+6J63eat+QaC+Mci78HdiBfpsdBkdwog==}

  '@d-fischer/shared-utils@3.6.3':
    resolution: {integrity: sha512-Lz+Qk1WJLVoeREOHPZcIDTHOoxecxMSG2sq+x1xWYCH1exqiMKMMx06pXdy15UzHG7ohvQRNXk2oHqZ9EOl9jQ==}

  '@d-fischer/typed-event-emitter@3.3.3':
    resolution: {integrity: sha512-OvSEOa8icfdWDqcRtjSEZtgJTFOFNgTjje7zaL0+nAtu2/kZtRCSK5wUMrI/aXtCH8o0Qz2vA8UqkhWUTARFQQ==}

  '@effect/platform-bun@0.34.3':
    resolution: {integrity: sha512-wzn60SSuDtWnCp6PeYk+yugBPC+wOTAATMVj4p4RXACpa6LZhn+C1kyq6YpLK2t/hEjJPHN0mu0vw7CSpLdVCQ==}
    peerDependencies:
      '@effect/platform': ^0.52.2
      effect: ^3.1.2

  '@effect/platform-node-shared@0.4.17':
    resolution: {integrity: sha512-iYUYIDGhEIGd8eUVyG9V2+GfRR/6Xh3TlaLqB6iaLPzkDp4kj+Kj5d1HVv8xAxHJ/p3I58YblBQp4eN7fSfg8Q==}
    peerDependencies:
      '@effect/platform': ^0.52.2
      effect: ^3.1.2

  '@effect/platform@0.52.2':
    resolution: {integrity: sha512-1XOyE10gJdL5EsV8L29gpDQp1BbbZ3MPJOQD3vy+r02LfPprtGLm+xG2mpaBc60p2QlxpC4ZRXsXiA89LsYu+w==}
    peerDependencies:
      '@effect/schema': ^0.66.14
      effect: ^3.1.2

  '@effect/schema@0.66.14':
    resolution: {integrity: sha512-2Yc6gnXpcMmwQnbU2JUwDl0ckeOJmFZzteXn2jjVWuNi9PGv+jp2yK7jxv0pALcieuYwdR5tKkCRI7STuhEwfg==}
    peerDependencies:
      effect: ^3.1.2
      fast-check: ^3.13.2

  '@parcel/watcher-android-arm64@2.4.1':
    resolution: {integrity: sha512-LOi/WTbbh3aTn2RYddrO8pnapixAziFl6SMxHM69r3tvdSm94JtCenaKgk1GRg5FJ5wpMCpHeW+7yqPlvZv7kg==}
    engines: {node: '>= 10.0.0'}
    cpu: [arm64]
    os: [android]

  '@parcel/watcher-darwin-arm64@2.4.1':
    resolution: {integrity: sha512-ln41eihm5YXIY043vBrrHfn94SIBlqOWmoROhsMVTSXGh0QahKGy77tfEywQ7v3NywyxBBkGIfrWRHm0hsKtzA==}
    engines: {node: '>= 10.0.0'}
    cpu: [arm64]
    os: [darwin]

  '@parcel/watcher-darwin-x64@2.4.1':
    resolution: {integrity: sha512-yrw81BRLjjtHyDu7J61oPuSoeYWR3lDElcPGJyOvIXmor6DEo7/G2u1o7I38cwlcoBHQFULqF6nesIX3tsEXMg==}
    engines: {node: '>= 10.0.0'}
    cpu: [x64]
    os: [darwin]

  '@parcel/watcher-freebsd-x64@2.4.1':
    resolution: {integrity: sha512-TJa3Pex/gX3CWIx/Co8k+ykNdDCLx+TuZj3f3h7eOjgpdKM+Mnix37RYsYU4LHhiYJz3DK5nFCCra81p6g050w==}
    engines: {node: '>= 10.0.0'}
    cpu: [x64]
    os: [freebsd]

  '@parcel/watcher-linux-arm-glibc@2.4.1':
    resolution: {integrity: sha512-4rVYDlsMEYfa537BRXxJ5UF4ddNwnr2/1O4MHM5PjI9cvV2qymvhwZSFgXqbS8YoTk5i/JR0L0JDs69BUn45YA==}
    engines: {node: '>= 10.0.0'}
    cpu: [arm]
    os: [linux]

  '@parcel/watcher-linux-arm64-glibc@2.4.1':
    resolution: {integrity: sha512-BJ7mH985OADVLpbrzCLgrJ3TOpiZggE9FMblfO65PlOCdG++xJpKUJ0Aol74ZUIYfb8WsRlUdgrZxKkz3zXWYA==}
    engines: {node: '>= 10.0.0'}
    cpu: [arm64]
    os: [linux]

  '@parcel/watcher-linux-arm64-musl@2.4.1':
    resolution: {integrity: sha512-p4Xb7JGq3MLgAfYhslU2SjoV9G0kI0Xry0kuxeG/41UfpjHGOhv7UoUDAz/jb1u2elbhazy4rRBL8PegPJFBhA==}
    engines: {node: '>= 10.0.0'}
    cpu: [arm64]
    os: [linux]

  '@parcel/watcher-linux-x64-glibc@2.4.1':
    resolution: {integrity: sha512-s9O3fByZ/2pyYDPoLM6zt92yu6P4E39a03zvO0qCHOTjxmt3GHRMLuRZEWhWLASTMSrrnVNWdVI/+pUElJBBBg==}
    engines: {node: '>= 10.0.0'}
    cpu: [x64]
    os: [linux]

  '@parcel/watcher-linux-x64-musl@2.4.1':
    resolution: {integrity: sha512-L2nZTYR1myLNST0O632g0Dx9LyMNHrn6TOt76sYxWLdff3cB22/GZX2UPtJnaqQPdCRoszoY5rcOj4oMTtp5fQ==}
    engines: {node: '>= 10.0.0'}
    cpu: [x64]
    os: [linux]

  '@parcel/watcher-win32-arm64@2.4.1':
    resolution: {integrity: sha512-Uq2BPp5GWhrq/lcuItCHoqxjULU1QYEcyjSO5jqqOK8RNFDBQnenMMx4gAl3v8GiWa59E9+uDM7yZ6LxwUIfRg==}
    engines: {node: '>= 10.0.0'}
    cpu: [arm64]
    os: [win32]

  '@parcel/watcher-win32-ia32@2.4.1':
    resolution: {integrity: sha512-maNRit5QQV2kgHFSYwftmPBxiuK5u4DXjbXx7q6eKjq5dsLXZ4FJiVvlcw35QXzk0KrUecJmuVFbj4uV9oYrcw==}
    engines: {node: '>= 10.0.0'}
    cpu: [ia32]
    os: [win32]

  '@parcel/watcher-win32-x64@2.4.1':
    resolution: {integrity: sha512-+DvS92F9ezicfswqrvIRM2njcYJbd5mb9CUgtrHCHmvn7pPPa+nMDRu1o1bYYz/l5IB2NVGNJWiH7h1E58IF2A==}
    engines: {node: '>= 10.0.0'}
    cpu: [x64]
    os: [win32]

  '@parcel/watcher@2.4.1':
    resolution: {integrity: sha512-HNjmfLQEVRZmHRET336f20H/8kOozUGwk7yajvsonjNxbj2wBTK1WsQuHkD5yYh9RxFGL2EyDHryOihOwUoKDA==}
    engines: {node: '>= 10.0.0'}

  '@spotify/web-api-ts-sdk@1.2.0':
    resolution: {integrity: sha512-JUaebva3Ohwo5I5tuTqyW/FKGOMbb40YevJMySAOINRxP7qQ/AMjBzfJx0zeO6yS+wAPfQSoGNsZaUggHw8vsA==}

  '@twurple/api-call@7.1.0':
    resolution: {integrity: sha512-aiyV492StnILyFzU/Eqgn+BA8fz125sB/0QJVlCJotMolrZxBkA4NsFEGDOcR3rOJLL7zOKPYMhWI8zY0gfzPA==}

  '@twurple/api@7.1.0':
    resolution: {integrity: sha512-cDVVY+vecMFNEOyp7UobQn4ARydIDf04NZy1YCKIKpJHBuOV/pkTjNGluRZ0nR9/t9hBFfOyHAH4JswRZpZbnw==}
    peerDependencies:
      '@twurple/auth': 7.1.0

  '@twurple/auth@7.1.0':
    resolution: {integrity: sha512-OT7XtoXeYA8yLvCKdIZ76x71D/RfxPZQqufpimy5ZSL4+TpxY1CJNFp8YWstC1KEfyGVwyr7ZoV49u95k0JJmw==}

  '@twurple/chat@7.1.0':
    resolution: {integrity: sha512-AzLtq+xqbyYpqPZau5jvX3Dov+C7MW1YTunYZZ5TqyQlEb/leUD6LdwdhXhsVxQUfpVD1FhU1NSlNd7VEhv0Rg==}
    peerDependencies:
      '@twurple/auth': 7.1.0

  '@twurple/common@7.1.0':
    resolution: {integrity: sha512-kz3J9J116+aOdyhCzRQwaxFC5eAewwQ9Iv2UmPHXYqRfbgKay6TsL27vk+Q2HygBCvx/8OWpX3pdSo3V/VPmoA==}

  '@twurple/eventsub-base@7.1.0':
    resolution: {integrity: sha512-3FNmSwhf09yWYQwhkc+EjmEngbMLbmMPJvJ4m30X9duuhFqvZcd0XnnRvHWSd4qpiolJb0BPerqP2EGXlGjElA==}

  '@twurple/eventsub-ws@7.1.0':
    resolution: {integrity: sha512-0ZOPAGvStqjBTT2Vjtz6euxgtcb8U4cQ23TOaUssgUYJ6hy34ebmLxt6Ghj/5tJt11sduYAxHRvw+XKTSjGIoA==}
    peerDependencies:
      '@twurple/api': 7.1.0

  '@twurple/pubsub@7.1.0':
    resolution: {integrity: sha512-2YMiktQbHPiPqCNzdlQ2OOMLVHNiy5tjRImkVBHNjw0tqCsbrCUhmFwgKjiIiDQUTTzOcNdFhDNhlcgy5Mz65A==}
    peerDependencies:
      '@twurple/auth': 7.1.0

  '@types/jsonwebtoken@9.0.6':
    resolution: {integrity: sha512-/5hndP5dCjloafCXns6SZyESp3Ldq7YjH3zwzwczYnjxIT0Fqzk5ROSYVGfFyczIue7IUEj8hkvLbPoLQ18vQw==}

  '@types/node@20.11.30':
    resolution: {integrity: sha512-dHM6ZxwlmuZaRmUPfv1p+KrdD1Dci04FbdEm/9wEMouFqxYoFl5aMkt0VMAUtYRQDyYvD41WJLukhq/ha3YuTw==}

  '@types/node@20.12.8':
    resolution: {integrity: sha512-NU0rJLJnshZWdE/097cdCBbyW1h4hEg0xpovcoAQYHl8dnEyp/NAOiE45pvc+Bd1Dt+2r94v2eGFpQJ4R7g+2w==}

  '@types/ws@8.5.10':
    resolution: {integrity: sha512-vmQSUcfalpIq0R9q7uTo2lXs6eGIpt9wtnLdMv9LVpIjCA/+ufZRozlVoVelIYixx1ugCBKDhn89vnsEGOCx9A==}

  braces@3.0.2:
    resolution: {integrity: sha512-b8um+L1RzM3WDSzvhm6gIz1yfTbBt6YTlcEKAvsmqCZZFw46z626lVj9j1yEPW33H5H+lBQpZMP1k8l+78Ha0A==}
    engines: {node: '>=8'}

  buffer-equal-constant-time@1.0.1:
    resolution: {integrity: sha512-zRpUiDwd/xk6ADqPMATG8vc9VPrkck7T07OIx0gnjmJAnHnTVXNQG3vfvWNuiZIkwu9KrKdA1iJKfsfTVxE6NA==}

  bun-types@1.1.6:
    resolution: {integrity: sha512-LK2aaJdBBTUkDyN+kRiJHLF3VGrAcdkEHrbBvbmTkccShPw6ZalxxKjWSBJwn4UkikhZdrdA87bZWmfUgkRUYg==}

  detect-libc@1.0.3:
    resolution: {integrity: sha512-pGjwhsmsp4kL2RTz08wcOlGN83otlqHeD/Z5T8GXZB+/YcpQ/dgo+lbU8ZsGxV0HIvqqxo9l7mqYwyYMD9bKDg==}
    engines: {node: '>=0.10'}
    hasBin: true

  ecdsa-sig-formatter@1.0.11:
    resolution: {integrity: sha512-nagl3RYrbNv6kQkeJIpt6NJZy8twLB/2vtz6yN9Z4vRKHN4/QZJIEbqohALSgwKdnksuY3k5Addp5lg8sVoVcQ==}

  effect@3.1.2:
    resolution: {integrity: sha512-XakSWck6w6ROqKyEys0tKE9K6Gx2p8W/09u2ZTEZZrneO5Z3QEdPhXzWTyC73kD5zUvfJinZLVIas8I1xoHaTg==}

  fast-check@3.18.0:
    resolution: {integrity: sha512-/951xaT0kA40w0GXRsZXEwSTE7LugjZtSA/8vPgFkiPQ8wNp8tRvqWuNDHBgLxJYXtsK11e/7Q4ObkKW5BdTFQ==}
    engines: {node: '>=8.0.0'}

  fast-decode-uri-component@1.0.1:
    resolution: {integrity: sha512-WKgKWg5eUxvRZGwW8FvfbaH7AXSh2cL+3j5fMGzUMCxWBJ3dV3a7Wz8y2f/uQ0e3B6WmodD3oS54jTQ9HVTIIg==}

  fast-querystring@1.1.2:
    resolution: {integrity: sha512-g6KuKWmFXc0fID8WWH0jit4g0AGBoJhCkJMb1RmbsSEUNvQ+ZC8D6CUZ+GtF8nMzSPXnhiePyyqqipzNNEnHjg==}

  fill-range@7.0.1:
    resolution: {integrity: sha512-qOo9F+dMUmC2Lcb4BbVvnKJxTPjCm+RRpe4gDuGrzkL7mEVl/djYSu2OdQ2Pa302N4oqkSg9ir6jaLWJ2USVpQ==}
    engines: {node: '>=8'}

  find-my-way-ts@0.1.2:
    resolution: {integrity: sha512-AWsH49RGcyayzzxSAkwQKC1bToY5ForAfNreix88slo7wijg1wwTtCPvUUoVm/qhIY3UVSHBKApw8mOGPxsvSg==}

  ircv3@0.33.0:
    resolution: {integrity: sha512-7rK1Aial3LBiFycE8w3MHiBBFb41/2GG2Ll/fR2IJj1vx0pLpn1s+78K+z/I4PZTqCCSp/Sb4QgKMh3NMhx0Kg==}

  is-extglob@2.1.1:
    resolution: {integrity: sha512-SbKbANkN603Vi4jEZv49LeVJMn4yGwsbzZworEoyEiutsN3nJYdbO36zfhGJ6QEDpOZIFkDtnq5JRxmvl3jsoQ==}
    engines: {node: '>=0.10.0'}

  is-glob@4.0.3:
    resolution: {integrity: sha512-xelSayHH36ZgE7ZWhli7pW34hNbNl8Ojv5KVmkJD4hBdD3th8Tfk9vYasLM+mXWOZhFkgZfxhLSnrwRr4elSSg==}
    engines: {node: '>=0.10.0'}

  is-number@7.0.0:
    resolution: {integrity: sha512-41Cifkg6e8TylSpdtTpeLVMqvSBEVzTttHvERD741+pnZ8ANv0004MRL43QKPDlK9cGvNp6NZWZUBlbGXYxxng==}
    engines: {node: '>=0.12.0'}

  isows@1.0.4:
    resolution: {integrity: sha512-hEzjY+x9u9hPmBom9IIAqdJCwNLax+xrPb51vEPpERoFlIxgmZcHzsT5jKG06nvInKOBGvReAVz80Umed5CczQ==}
    peerDependencies:
      ws: '*'

  jsonwebtoken@9.0.2:
    resolution: {integrity: sha512-PRp66vJ865SSqOlgqS8hujT5U4AOgMfhrwYIuIhfKaoSCZcirrmASQr8CX7cUg+RMih+hgznrjp99o+W4pJLHQ==}
    engines: {node: '>=12', npm: '>=6'}

  jwa@1.4.1:
    resolution: {integrity: sha512-qiLX/xhEEFKUAJ6FiBMbes3w9ATzyk5W7Hvzpa/SLYdxNtng+gcurvrI7TbACjIXlsJyr05/S1oUhZrc63evQA==}

  jws@3.2.2:
    resolution: {integrity: sha512-YHlZCB6lMTllWDtSPHz/ZXTsi8S00usEV6v1tjq8tOUZzw7DpSDWVXjXDre6ed1w/pd495ODpHZYSdkRTsa0HA==}

  klona@2.0.6:
    resolution: {integrity: sha512-dhG34DXATL5hSxJbIexCft8FChFXtmskoZYnoPWjXQuebWYCNkVeV3KkGegCK9CP1oswI/vQibS2GY7Em/sJJA==}
    engines: {node: '>= 8'}

  lodash.includes@4.3.0:
    resolution: {integrity: sha512-W3Bx6mdkRTGtlJISOvVD/lbqjTlPPUDTMnlXZFnVwi9NKJ6tiAk6LVdlhZMm17VZisqhKcgzpO5Wz91PCt5b0w==}

  lodash.isboolean@3.0.3:
    resolution: {integrity: sha512-Bz5mupy2SVbPHURB98VAcw+aHh4vRV5IPNhILUCsOzRmsTmSQ17jIuqopAentWoehktxGd9e/hbIXq980/1QJg==}

  lodash.isinteger@4.0.4:
    resolution: {integrity: sha512-DBwtEWN2caHQ9/imiNeEA5ys1JoRtRfY3d7V9wkqtbycnAmTvRRmbHKDV4a0EYc678/dia0jrte4tjYwVBaZUA==}

  lodash.isnumber@3.0.3:
    resolution: {integrity: sha512-QYqzpfwO3/CWf3XP+Z+tkQsfaLL/EnUlXWVkIk5FUPc4sBdTehEqZONuyRt2P67PXAk+NXmTBcc97zw9t1FQrw==}

  lodash.isplainobject@4.0.6:
    resolution: {integrity: sha512-oSXzaWypCMHkPC3NvBEaPHf0KsA5mvPrOPgQWDsbg8n7orZ290M0BmC/jgRZ4vcJ6DTAhjrsSYgdsW/F+MFOBA==}

  lodash.isstring@4.0.1:
    resolution: {integrity: sha512-0wJxfxH1wgO3GrbuP+dTTk7op+6L41QCXbGINEmD+ny/G/eCqGzxyCsh7159S+mgDDcoarnBw6PC1PS5+wUGgw==}

  lodash.once@4.1.1:
    resolution: {integrity: sha512-Sb487aTOCr9drQVL8pIxOzVhafOjZN9UU54hiN8PU3uAiSV7lx1yYNpbNmex2PK6dSJoNTSJUUswT651yww3Mg==}

  lru-cache@6.0.0:
    resolution: {integrity: sha512-Jo6dJ04CmSjuznwJSS3pUeWmd/H0ffTlkXXgwZi+eq1UCmqQwCh+eLsYOYCwY991i2Fah4h1BEMCx4qThGbsiA==}
    engines: {node: '>=10'}

  micromatch@4.0.5:
    resolution: {integrity: sha512-DMy+ERcEW2q8Z2Po+WNXuw3c5YaUSFjAO5GsJqfEl7UjvtIuFKO6ZrKvcItdy98dwFI2N1tg3zNIdKaQT+aNdA==}
    engines: {node: '>=8.6'}

  ms@2.1.3:
    resolution: {integrity: sha512-6FlzubTLZG3J2a/NVCAleEhjzq5oxgHyaCU9yYXvcLsvoVaHJq/s5xXI6/XXP6tz7R9xAOtHnSO/tXtF3WRTlA==}

  multipasta@0.2.1:
    resolution: {integrity: sha512-0NR15o5iewJFMsZ4jN6cztCd4izTLZPyHUfBrakbg/x70B8zplPE6qumbs+A7LmhGtQMzpN/K8MOOdifMgAKFA==}

  node-addon-api@7.1.0:
    resolution: {integrity: sha512-mNcltoe1R8o7STTegSOHdnJNN7s5EUvhoS7ShnTHDyOSd+8H+UdWODq6qSv67PjC8Zc5JRT8+oLAMCr0SIXw7g==}
    engines: {node: ^16 || ^18 || >= 20}

  node-fetch@2.7.0:
    resolution: {integrity: sha512-c4FRfUm/dbcWZ7U+1Wq0AwCyFL+3nt2bEw05wfxSz+DWpWsitgmSgYmy2dQdWyKC1694ELPqMs/YzUSNozLt8A==}
    engines: {node: 4.x || >=6.0.0}
    peerDependencies:
      encoding: ^0.1.0
    peerDependenciesMeta:
      encoding:
        optional: true

  path-browserify@1.0.1:
    resolution: {integrity: sha512-b7uo2UCUOYZcnF/3ID0lulOJi/bafxa1xPe7ZPsammBSpjSWQkjNxlt635YGS2MiR9GjvuXCtz2emr3jbsz98g==}

  picomatch@2.3.1:
    resolution: {integrity: sha512-JU3teHTNjmE2VCGFzuY8EXzCDVwEqB2a8fsIvwaStHhAWJEeVd1o1QD80CU6+ZdEXXSLbSsuLwJjkCBWqRQUVA==}
    engines: {node: '>=8.6'}

  pure-rand@6.1.0:
    resolution: {integrity: sha512-bVWawvoZoBYpp6yIoQtQXHZjmz35RSVHnUOTefl8Vcjr8snTPY1wnpSPMWekcFwbxI6gtmT7rSYPFvz71ldiOA==}

  retry@0.13.1:
    resolution: {integrity: sha512-XQBQ3I8W1Cge0Seh+6gjj03LbmRFWuoszgK9ooCpwYIrhhoO80pfq4cUkU5DkknwfOfFteRwlZ56PYOGYyFWdg==}
    engines: {node: '>= 4'}

  safe-buffer@5.2.1:
    resolution: {integrity: sha512-rp3So07KcdmmKbGvgaNxQSJr7bGVSVk5S9Eq1F+ppbRo70+YeaDxkw5Dd8NPN+GD6bjnYm2VuPuCXmpuYvmCXQ==}

  semver@7.6.0:
    resolution: {integrity: sha512-EnwXhrlwXMk9gKu5/flx5sv/an57AkRplG3hTK68W7FRDN+k+OWBj65M7719OkA82XLBxrcX0KSHj+X5COhOVg==}
    engines: {node: '>=10'}
    hasBin: true

  to-regex-range@5.0.1:
    resolution: {integrity: sha512-65P7iz6X5yEr1cwcgvQxbbIw7Uk3gOy5dIdtZ4rDveLqhrdJP+Li/Hx6tyK0NEb+2GCyneCMJiGqrADCSNk8sQ==}
    engines: {node: '>=8.0'}

  tr46@0.0.3:
    resolution: {integrity: sha512-N3WMsuqV66lT30CrXNbEjx4GEwlow3v6rr4mCcv6prnfwhS01rkgyFdjPNBYd9br7LpXV1+Emh01fHnq2Gdgrw==}

  tslib@2.6.2:
    resolution: {integrity: sha512-AEYxH93jGFPn/a2iVAwW87VuUIkR1FVUKB77NwMF7nBTDkDrrT/Hpt/IrCJ0QXhW27jTBDcf5ZY7w6RiqTMw2Q==}

  undici-types@5.26.5:
    resolution: {integrity: sha512-JlCMO+ehdEIKqlFxk6IfVoAUVmgz7cU7zD/h9XZ0qzeosSHmUJVOzSQvvYSYWXkFXC+IfLKSIffhv0sVZup6pA==}

  webidl-conversions@3.0.1:
    resolution: {integrity: sha512-2JAn3z8AR6rjK8Sm8orRC0h/bcl/DqL7tRPdGZ4I1CjdF+EaMLmYxBHyXuKL849eucPFhvBoxMsflfOb8kxaeQ==}

  whatwg-url@5.0.0:
    resolution: {integrity: sha512-saE57nupxk6v3HY35+jzBwYa0rKSy0XR8JSxZPwgLr7ys0IBzhGviA1/TUGJLmSVqs8pb9AnvICXEuOHLprYTw==}

  ws@8.17.0:
    resolution: {integrity: sha512-uJq6108EgZMAl20KagGkzCKfMEjxmKvZHG7Tlq0Z6nOky7YF7aq4mOx6xK8TJ/i1LeK4Qus7INktacctDgY8Ow==}
    engines: {node: '>=10.0.0'}
    peerDependencies:
      bufferutil: ^4.0.1
      utf-8-validate: '>=5.0.2'
    peerDependenciesMeta:
      bufferutil:
        optional: true
      utf-8-validate:
        optional: true

  yallist@4.0.0:
    resolution: {integrity: sha512-3wdGidZyq5PB084XLES5TpOSRA3wjXAlIWMhum2kRcv/41Sn2emQ0dycQW4uZXLejwKvg6EsvbdlVL+FYEct7A==}

snapshots:

  '@d-fischer/cache-decorators@4.0.1':
    dependencies:
      '@d-fischer/shared-utils': 3.6.3
      tslib: 2.6.2

  '@d-fischer/connection@9.0.0':
    dependencies:
      '@d-fischer/isomorphic-ws': 7.0.2(ws@8.17.0)
      '@d-fischer/logger': 4.2.3
      '@d-fischer/shared-utils': 3.6.3
      '@d-fischer/typed-event-emitter': 3.3.3
      '@types/ws': 8.5.10
      tslib: 2.6.2
      ws: 8.17.0
    transitivePeerDependencies:
      - bufferutil
      - utf-8-validate

  '@d-fischer/cross-fetch@5.0.5':
    dependencies:
      node-fetch: 2.7.0
    transitivePeerDependencies:
      - encoding

  '@d-fischer/deprecate@2.0.2': {}

  '@d-fischer/detect-node@3.0.1': {}

  '@d-fischer/escape-string-regexp@5.0.0': {}

  '@d-fischer/isomorphic-ws@7.0.2(ws@8.17.0)':
    dependencies:
      ws: 8.17.0

  '@d-fischer/logger@4.2.3':
    dependencies:
      '@d-fischer/detect-node': 3.0.1
      '@d-fischer/shared-utils': 3.6.3
      tslib: 2.6.2

  '@d-fischer/qs@7.0.2': {}

  '@d-fischer/rate-limiter@1.0.1':
    dependencies:
      '@d-fischer/logger': 4.2.3
      '@d-fischer/shared-utils': 3.6.3
      tslib: 2.6.2

  '@d-fischer/shared-utils@3.6.3':
    dependencies:
      tslib: 2.6.2

  '@d-fischer/typed-event-emitter@3.3.3':
    dependencies:
      tslib: 2.6.2

  '@effect/platform-bun@0.34.3(@effect/platform@0.52.2(@effect/schema@0.66.14(effect@3.1.2)(fast-check@3.18.0))(effect@3.1.2)(ws@8.17.0))(effect@3.1.2)':
    dependencies:
      '@effect/platform': 0.52.2(@effect/schema@0.66.14(effect@3.1.2)(fast-check@3.18.0))(effect@3.1.2)(ws@8.17.0)
      '@effect/platform-node-shared': 0.4.17(@effect/platform@0.52.2(@effect/schema@0.66.14(effect@3.1.2)(fast-check@3.18.0))(effect@3.1.2)(ws@8.17.0))(effect@3.1.2)
      effect: 3.1.2

  '@effect/platform-node-shared@0.4.17(@effect/platform@0.52.2(@effect/schema@0.66.14(effect@3.1.2)(fast-check@3.18.0))(effect@3.1.2)(ws@8.17.0))(effect@3.1.2)':
    dependencies:
      '@effect/platform': 0.52.2(@effect/schema@0.66.14(effect@3.1.2)(fast-check@3.18.0))(effect@3.1.2)(ws@8.17.0)
      '@parcel/watcher': 2.4.1
      effect: 3.1.2
      multipasta: 0.2.1

  '@effect/platform@0.52.2(@effect/schema@0.66.14(effect@3.1.2)(fast-check@3.18.0))(effect@3.1.2)(ws@8.17.0)':
    dependencies:
      '@effect/schema': 0.66.14(effect@3.1.2)(fast-check@3.18.0)
      effect: 3.1.2
      find-my-way-ts: 0.1.2
      isows: 1.0.4(ws@8.17.0)
      multipasta: 0.2.1
      path-browserify: 1.0.1
    transitivePeerDependencies:
      - ws

  '@effect/schema@0.66.14(effect@3.1.2)(fast-check@3.18.0)':
    dependencies:
      effect: 3.1.2
      fast-check: 3.18.0

  '@parcel/watcher-android-arm64@2.4.1':
    optional: true

  '@parcel/watcher-darwin-arm64@2.4.1':
    optional: true

  '@parcel/watcher-darwin-x64@2.4.1':
    optional: true

  '@parcel/watcher-freebsd-x64@2.4.1':
    optional: true

  '@parcel/watcher-linux-arm-glibc@2.4.1':
    optional: true

  '@parcel/watcher-linux-arm64-glibc@2.4.1':
    optional: true

  '@parcel/watcher-linux-arm64-musl@2.4.1':
    optional: true

  '@parcel/watcher-linux-x64-glibc@2.4.1':
    optional: true

  '@parcel/watcher-linux-x64-musl@2.4.1':
    optional: true

  '@parcel/watcher-win32-arm64@2.4.1':
    optional: true

  '@parcel/watcher-win32-ia32@2.4.1':
    optional: true

  '@parcel/watcher-win32-x64@2.4.1':
    optional: true

  '@parcel/watcher@2.4.1':
    dependencies:
      detect-libc: 1.0.3
      is-glob: 4.0.3
      micromatch: 4.0.5
      node-addon-api: 7.1.0
    optionalDependencies:
      '@parcel/watcher-android-arm64': 2.4.1
      '@parcel/watcher-darwin-arm64': 2.4.1
      '@parcel/watcher-darwin-x64': 2.4.1
      '@parcel/watcher-freebsd-x64': 2.4.1
      '@parcel/watcher-linux-arm-glibc': 2.4.1
      '@parcel/watcher-linux-arm64-glibc': 2.4.1
      '@parcel/watcher-linux-arm64-musl': 2.4.1
      '@parcel/watcher-linux-x64-glibc': 2.4.1
      '@parcel/watcher-linux-x64-musl': 2.4.1
      '@parcel/watcher-win32-arm64': 2.4.1
      '@parcel/watcher-win32-ia32': 2.4.1
      '@parcel/watcher-win32-x64': 2.4.1

  '@spotify/web-api-ts-sdk@1.2.0': {}

  '@twurple/api-call@7.1.0':
    dependencies:
      '@d-fischer/cross-fetch': 5.0.5
      '@d-fischer/qs': 7.0.2
      '@d-fischer/shared-utils': 3.6.3
      '@twurple/common': 7.1.0
      tslib: 2.6.2
    transitivePeerDependencies:
      - encoding

  '@twurple/api@7.1.0(@twurple/auth@7.1.0)':
    dependencies:
      '@d-fischer/cache-decorators': 4.0.1
      '@d-fischer/cross-fetch': 5.0.5
      '@d-fischer/detect-node': 3.0.1
      '@d-fischer/logger': 4.2.3
      '@d-fischer/rate-limiter': 1.0.1
      '@d-fischer/shared-utils': 3.6.3
      '@d-fischer/typed-event-emitter': 3.3.3
      '@twurple/api-call': 7.1.0
      '@twurple/auth': 7.1.0
      '@twurple/common': 7.1.0
      retry: 0.13.1
      tslib: 2.6.2
    transitivePeerDependencies:
      - encoding

  '@twurple/auth@7.1.0':
    dependencies:
      '@d-fischer/logger': 4.2.3
      '@d-fischer/shared-utils': 3.6.3
      '@d-fischer/typed-event-emitter': 3.3.3
      '@twurple/api-call': 7.1.0
      '@twurple/common': 7.1.0
      tslib: 2.6.2
    transitivePeerDependencies:
      - encoding

  '@twurple/chat@7.1.0(@twurple/auth@7.1.0)':
    dependencies:
      '@d-fischer/cache-decorators': 4.0.1
      '@d-fischer/deprecate': 2.0.2
      '@d-fischer/logger': 4.2.3
      '@d-fischer/rate-limiter': 1.0.1
      '@d-fischer/shared-utils': 3.6.3
      '@d-fischer/typed-event-emitter': 3.3.3
      '@twurple/auth': 7.1.0
      '@twurple/common': 7.1.0
      ircv3: 0.33.0
      tslib: 2.6.2
    transitivePeerDependencies:
      - bufferutil
      - utf-8-validate

  '@twurple/common@7.1.0':
    dependencies:
      '@d-fischer/shared-utils': 3.6.3
      klona: 2.0.6
      tslib: 2.6.2

  '@twurple/eventsub-base@7.1.0':
    dependencies:
      '@d-fischer/logger': 4.2.3
      '@d-fischer/shared-utils': 3.6.3
      '@d-fischer/typed-event-emitter': 3.3.3
      '@twurple/api': 7.1.0(@twurple/auth@7.1.0)
      '@twurple/auth': 7.1.0
      '@twurple/common': 7.1.0
      tslib: 2.6.2
    transitivePeerDependencies:
      - encoding

  '@twurple/eventsub-ws@7.1.0(@twurple/api@7.1.0(@twurple/auth@7.1.0))':
    dependencies:
      '@d-fischer/connection': 9.0.0
      '@d-fischer/logger': 4.2.3
      '@d-fischer/shared-utils': 3.6.3
      '@d-fischer/typed-event-emitter': 3.3.3
      '@twurple/api': 7.1.0(@twurple/auth@7.1.0)
      '@twurple/auth': 7.1.0
      '@twurple/common': 7.1.0
      '@twurple/eventsub-base': 7.1.0
      tslib: 2.6.2
    transitivePeerDependencies:
      - bufferutil
      - encoding
      - utf-8-validate

  '@twurple/pubsub@7.1.0(@twurple/auth@7.1.0)':
    dependencies:
      '@d-fischer/connection': 9.0.0
      '@d-fischer/logger': 4.2.3
      '@d-fischer/shared-utils': 3.6.3
      '@d-fischer/typed-event-emitter': 3.3.3
      '@twurple/auth': 7.1.0
      '@twurple/common': 7.1.0
      tslib: 2.6.2
    transitivePeerDependencies:
      - bufferutil
      - utf-8-validate

  '@types/jsonwebtoken@9.0.6':
    dependencies:
      '@types/node': 20.12.8

  '@types/node@20.11.30':
    dependencies:
      undici-types: 5.26.5

  '@types/node@20.12.8':
    dependencies:
      undici-types: 5.26.5

  '@types/ws@8.5.10':
    dependencies:
      '@types/node': 20.12.8

  braces@3.0.2:
    dependencies:
      fill-range: 7.0.1

  buffer-equal-constant-time@1.0.1: {}

  bun-types@1.1.6:
    dependencies:
      '@types/node': 20.11.30
      '@types/ws': 8.5.10

  detect-libc@1.0.3: {}

  ecdsa-sig-formatter@1.0.11:
    dependencies:
      safe-buffer: 5.2.1

  effect@3.1.2: {}

  fast-check@3.18.0:
    dependencies:
      pure-rand: 6.1.0

  fast-decode-uri-component@1.0.1: {}

  fast-querystring@1.1.2:
    dependencies:
      fast-decode-uri-component: 1.0.1

  fill-range@7.0.1:
    dependencies:
      to-regex-range: 5.0.1

  find-my-way-ts@0.1.2:
    dependencies:
      fast-querystring: 1.1.2

  ircv3@0.33.0:
    dependencies:
      '@d-fischer/connection': 9.0.0
      '@d-fischer/escape-string-regexp': 5.0.0
      '@d-fischer/logger': 4.2.3
      '@d-fischer/shared-utils': 3.6.3
      '@d-fischer/typed-event-emitter': 3.3.3
      klona: 2.0.6
      tslib: 2.6.2
    transitivePeerDependencies:
      - bufferutil
      - utf-8-validate

  is-extglob@2.1.1: {}

  is-glob@4.0.3:
    dependencies:
      is-extglob: 2.1.1

  is-number@7.0.0: {}

  isows@1.0.4(ws@8.17.0):
    dependencies:
      ws: 8.17.0

  jsonwebtoken@9.0.2:
    dependencies:
      jws: 3.2.2
      lodash.includes: 4.3.0
      lodash.isboolean: 3.0.3
      lodash.isinteger: 4.0.4
      lodash.isnumber: 3.0.3
      lodash.isplainobject: 4.0.6
      lodash.isstring: 4.0.1
      lodash.once: 4.1.1
      ms: 2.1.3
      semver: 7.6.0

  jwa@1.4.1:
    dependencies:
      buffer-equal-constant-time: 1.0.1
      ecdsa-sig-formatter: 1.0.11
      safe-buffer: 5.2.1

  jws@3.2.2:
    dependencies:
      jwa: 1.4.1
      safe-buffer: 5.2.1

  klona@2.0.6: {}

  lodash.includes@4.3.0: {}

  lodash.isboolean@3.0.3: {}

  lodash.isinteger@4.0.4: {}

  lodash.isnumber@3.0.3: {}

  lodash.isplainobject@4.0.6: {}

  lodash.isstring@4.0.1: {}

  lodash.once@4.1.1: {}

  lru-cache@6.0.0:
    dependencies:
      yallist: 4.0.0

  micromatch@4.0.5:
    dependencies:
      braces: 3.0.2
      picomatch: 2.3.1

  ms@2.1.3: {}

  multipasta@0.2.1: {}

  node-addon-api@7.1.0: {}

  node-fetch@2.7.0:
    dependencies:
      whatwg-url: 5.0.0

  path-browserify@1.0.1: {}

  picomatch@2.3.1: {}

  pure-rand@6.1.0: {}

  retry@0.13.1: {}

  safe-buffer@5.2.1: {}

  semver@7.6.0:
    dependencies:
      lru-cache: 6.0.0

  to-regex-range@5.0.1:
    dependencies:
      is-number: 7.0.0

  tr46@0.0.3: {}

  tslib@2.6.2: {}

  undici-types@5.26.5: {}

  webidl-conversions@3.0.1: {}

  whatwg-url@5.0.0:
    dependencies:
      tr46: 0.0.3
      webidl-conversions: 3.0.1

  ws@8.17.0: {}

  yallist@4.0.0: {}
